# This file is autogenerated, do not edit; changes may be undone by the next 'dep ensure'.


[[projects]]
  name = "github.com/Luzifer/rconfig"
  packages = ["."]
  revision = "7aef1d393c1e2d0758901853b59981c7adc67c7e"
  version = "v1.2.0"

[[projects]]
  branch = "master"
  name = "github.com/Luzifer/sane"
  packages = ["."]
  revision = "a5b09af9ae8ca81a03c605b12a425dfd753fde19"

[[projects]]
  name = "github.com/jung-kurt/gofpdf"
  packages = ["."]
  revision = "14c1db30737a138f8d9797cffea58783892b2fae"
  version = "v1.0.0"

[[projects]]
  name = "github.com/sirupsen/logrus"
  packages = ["."]
  revision = "c155da19408a8799da419ed3eeb0cb5db0ad5dbc"
  version = "v1.0.5"

[[projects]]
  name = "github.com/spf13/pflag"
  packages = ["."]
  revision = "583c0c0531f06d5278b7d917446061adc344b5cd"
  version = "v1.0.1"

[[projects]]
  branch = "master"
  name = "golang.org/x/crypto"
  packages = ["ssh/terminal"]
  revision = "1a580b3eff7814fc9b40602fd35256c63b50f491"

[[projects]]
  branch = "master"
  name = "golang.org/x/sys"
  packages = [
    "unix",
    "windows"
  ]
  revision = "7c87d13f8e835d2fb3a70a2912c811ed0c1d241b"

[[projects]]
  branch = "v2"
  name = "gopkg.in/validator.v2"
  packages = ["."]
  revision = "135c24b11c19e52befcae2ec3fca5d9b78c4e98e"

[[projects]]
  name = "gopkg.in/yaml.v2"
  packages = ["."]
  revision = "5420a8b6744d3b0345ab293f6fcba19c978f1183"
  version = "v2.2.1"

[solve-meta]
  analyzer-name = "dep"
  analyzer-version = 1
  inputs-digest = "c793d83849d7d739487688abbbb13f406cfb2f4a4c0ee89d538caf64f3b5b5ad"
  solver-name = "gps-cdcl"
  solver-version = 1
